
Microsoft Visual Studio Solution File, Format Version 12.00
# Visual Studio Version 17
VisualStudioVersion = 17.10.35013.160
MinimumVisualStudioVersion = 10.0.40219.1
Project("{FAE04EC0-301F-11D3-BF4B-00C04F79EFBC}") = "Catalog.Domain", "Catalog.Domain\Catalog.Domain.csproj", "{18AD026F-83BD-454B-ABFB-D89598D7E214}"
EndProject
Project("{FAE04EC0-301F-11D3-BF4B-00C04F79EFBC}") = "Catalog.Application", "Catalog.Application\Catalog.Application.csproj", "{B4E1E618-E296-44F3-BB45-A43028985C4C}"
EndProject
Project("{FAE04EC0-301F-11D3-BF4B-00C04F79EFBC}") = "Catalog.Infrastructure", "Catalog.Infrastructure\Catalog.Infrastructure.csproj", "{44CFDCF7-C716-441D-8811-6E274F6087E3}"
EndProject
Project("{FAE04EC0-301F-11D3-BF4B-00C04F79EFBC}") = "Catalog.CrossCutting", "Catalog.CrossCutting\Catalog.CrossCutting.csproj", "{B778DD41-6D37-4D66-902E-A742A1694F8E}"
EndProject
Project("{FAE04EC0-301F-11D3-BF4B-00C04F79EFBC}") = "Catalog.API", "Catalog.API\Catalog.API.csproj", "{E1C2673C-59FC-405D-96C5-0495D463DD7E}"
EndProject
Global
	GlobalSection(SolutionConfigurationPlatforms) = preSolution
		Debug|Any CPU = Debug|Any CPU
		Release|Any CPU = Release|Any CPU
	EndGlobalSection
	GlobalSection(ProjectConfigurationPlatforms) = postSolution
		{18AD026F-83BD-454B-ABFB-D89598D7E214}.Debug|Any CPU.ActiveCfg = Debug|Any CPU
		{18AD026F-83BD-454B-ABFB-D89598D7E214}.Debug|Any CPU.Build.0 = Debug|Any CPU
		{18AD026F-83BD-454B-ABFB-D89598D7E214}.Release|Any CPU.ActiveCfg = Release|Any CPU
		{18AD026F-83BD-454B-ABFB-D89598D7E214}.Release|Any CPU.Build.0 = Release|Any CPU
		{B4E1E618-E296-44F3-BB45-A43028985C4C}.Debug|Any CPU.ActiveCfg = Debug|Any CPU
		{B4E1E618-E296-44F3-BB45-A43028985C4C}.Debug|Any CPU.Build.0 = Debug|Any CPU
		{B4E1E618-E296-44F3-BB45-A43028985C4C}.Release|Any CPU.ActiveCfg = Release|Any CPU
		{B4E1E618-E296-44F3-BB45-A43028985C4C}.Release|Any CPU.Build.0 = Release|Any CPU
		{44CFDCF7-C716-441D-8811-6E274F6087E3}.Debug|Any CPU.ActiveCfg = Debug|Any CPU
		{44CFDCF7-C716-441D-8811-6E274F6087E3}.Debug|Any CPU.Build.0 = Debug|Any CPU
		{44CFDCF7-C716-441D-8811-6E274F6087E3}.Release|Any CPU.ActiveCfg = Release|Any CPU
		{44CFDCF7-C716-441D-8811-6E274F6087E3}.Release|Any CPU.Build.0 = Release|Any CPU
		{B778DD41-6D37-4D66-902E-A742A1694F8E}.Debug|Any CPU.ActiveCfg = Debug|Any CPU
		{B778DD41-6D37-4D66-902E-A742A1694F8E}.Debug|Any CPU.Build.0 = Debug|Any CPU
		{B778DD41-6D37-4D66-902E-A742A1694F8E}.Release|Any CPU.ActiveCfg = Release|Any CPU
		{B778DD41-6D37-4D66-902E-A742A1694F8E}.Release|Any CPU.Build.0 = Release|Any CPU
		{E1C2673C-59FC-405D-96C5-0495D463DD7E}.Debug|Any CPU.ActiveCfg = Debug|Any CPU
		{E1C2673C-59FC-405D-96C5-0495D463DD7E}.Debug|Any CPU.Build.0 = Debug|Any CPU
		{E1C2673C-59FC-405D-96C5-0495D463DD7E}.Release|Any CPU.ActiveCfg = Release|Any CPU
		{E1C2673C-59FC-405D-96C5-0495D463DD7E}.Release|Any CPU.Build.0 = Release|Any CPU
	EndGlobalSection
	GlobalSection(SolutionProperties) = preSolution
		HideSolutionNode = FALSE
	EndGlobalSection
	GlobalSection(ExtensibilityGlobals) = postSolution
		SolutionGuid = {52B09C11-DEAF-4EDB-8190-A9D72CF2C191}
	EndGlobalSection
EndGlobal
